// !$*UTF8*$!
{
	archiveVersion = 1;
	classes = {
	};
	objectVersion = 46;
	objects = {

/* Begin PBXBuildFile section */
		852C7C5D1D128EBF007F94CB /* main.m in Sources */ = {isa = PBXBuildFile; fileRef = 852C7C5C1D128EBF007F94CB /* main.m */; };
		852C7C601D128EBF007F94CB /* AppDelegate.m in Sources */ = {isa = PBXBuildFile; fileRef = 852C7C5F1D128EBF007F94CB /* AppDelegate.m */; };
		852C7C631D128EBF007F94CB /* ViewController.m in Sources */ = {isa = PBXBuildFile; fileRef = 852C7C621D128EBF007F94CB /* ViewController.m */; };
		852C7C661D128EBF007F94CB /* Main.storyboard in Resources */ = {isa = PBXBuildFile; fileRef = 852C7C641D128EBF007F94CB /* Main.storyboard */; };
		852C7C681D128EBF007F94CB /* Assets.xcassets in Resources */ = {isa = PBXBuildFile; fileRef = 852C7C671D128EBF007F94CB /* Assets.xcassets */; };
		852C7C6B1D128EBF007F94CB /* LaunchScreen.storyboard in Resources */ = {isa = PBXBuildFile; fileRef = 852C7C691D128EBF007F94CB /* LaunchScreen.storyboard */; };
		852C7CB81D128F89007F94CB /* MJRefreshTestTableViewController.m in Sources */ = {isa = PBXBuildFile; fileRef = 852C7CB61D128F89007F94CB /* MJRefreshTestTableViewController.m */; };
		852C7CB91D128F89007F94CB /* MJRefreshTestTableViewController.xib in Resources */ = {isa = PBXBuildFile; fileRef = 852C7CB71D128F89007F94CB /* MJRefreshTestTableViewController.xib */; };
		D111788A8042380F784E15F1 /* libPods-MJRefresh上啦加载下拉刷新.a in Frameworks */ = {isa = PBXBuildFile; fileRef = 5891528E9D84A83392837979 /* libPods-MJRefresh上啦加载下拉刷新.a */; };
/* End PBXBuildFile section */

/* Begin PBXFileReference section */
		1B9657CEC7C6600C5204CE32 /* Pods-MJRefresh上啦加载下拉刷新.debug.xcconfig */ = {isa = PBXFileReference; includeInIndex = 1; lastKnownFileType = text.xcconfig; name = "Pods-MJRefresh上啦加载下拉刷新.debug.xcconfig"; path = "Pods/Target Support Files/Pods-MJRefresh上啦加载下拉刷新/Pods-MJRefresh上啦加载下拉刷新.debug.xcconfig"; sourceTree = "<group>"; };
		5891528E9D84A83392837979 /* libPods-MJRefresh上啦加载下拉刷新.a */ = {isa = PBXFileReference; explicitFileType = archive.ar; includeInIndex = 0; path = "libPods-MJRefresh上啦加载下拉刷新.a"; sourceTree = BUILT_PRODUCTS_DIR; };
		852C7C581D128EBF007F94CB /* MJRefresh上啦加载下拉刷新.app */ = {isa = PBXFileReference; explicitFileType = wrapper.application; includeInIndex = 0; path = "MJRefresh上啦加载下拉刷新.app"; sourceTree = BUILT_PRODUCTS_DIR; };
		852C7C5C1D128EBF007F94CB /* main.m */ = {isa = PBXFileReference; lastKnownFileType = sourcecode.c.objc; path = main.m; sourceTree = "<group>"; };
		852C7C5E1D128EBF007F94CB /* AppDelegate.h */ = {isa = PBXFileReference; lastKnownFileType = sourcecode.c.h; path = AppDelegate.h; sourceTree = "<group>"; };
		852C7C5F1D128EBF007F94CB /* AppDelegate.m */ = {isa = PBXFileReference; lastKnownFileType = sourcecode.c.objc; path = AppDelegate.m; sourceTree = "<group>"; };
		852C7C611D128EBF007F94CB /* ViewController.h */ = {isa = PBXFileReference; lastKnownFileType = sourcecode.c.h; path = ViewController.h; sourceTree = "<group>"; };
		852C7C621D128EBF007F94CB /* ViewController.m */ = {isa = PBXFileReference; lastKnownFileType = sourcecode.c.objc; path = ViewController.m; sourceTree = "<group>"; };
		852C7C651D128EBF007F94CB /* Base */ = {isa = PBXFileReference; lastKnownFileType = file.storyboard; name = Base; path = Base.lproj/Main.storyboard; sourceTree = "<group>"; };
		852C7C671D128EBF007F94CB /* Assets.xcassets */ = {isa = PBXFileReference; lastKnownFileType = folder.assetcatalog; path = Assets.xcassets; sourceTree = "<group>"; };
		852C7C6A1D128EBF007F94CB /* Base */ = {isa = PBXFileReference; lastKnownFileType = file.storyboard; name = Base; path = Base.lproj/LaunchScreen.storyboard; sourceTree = "<group>"; };
		852C7C6C1D128EBF007F94CB /* Info.plist */ = {isa = PBXFileReference; lastKnownFileType = text.plist.xml; path = Info.plist; sourceTree = "<group>"; };
		852C7CB51D128F89007F94CB /* MJRefreshTestTableViewController.h */ = {isa = PBXFileReference; fileEncoding = 4; lastKnownFileType = sourcecode.c.h; path = MJRefreshTestTableViewController.h; sourceTree = "<group>"; };
		852C7CB61D128F89007F94CB /* MJRefreshTestTableViewController.m */ = {isa = PBXFileReference; fileEncoding = 4; lastKnownFileType = sourcecode.c.objc; path = MJRefreshTestTableViewController.m; sourceTree = "<group>"; };
		852C7CB71D128F89007F94CB /* MJRefreshTestTableViewController.xib */ = {isa = PBXFileReference; fileEncoding = 4; lastKnownFileType = file.xib; path = MJRefreshTestTableViewController.xib; sourceTree = "<group>"; };
		B5733DC9A47D73798CD254E3 /* Pods-MJRefresh上啦加载下拉刷新.release.xcconfig */ = {isa = PBXFileReference; includeInIndex = 1; lastKnownFileType = text.xcconfig; name = "Pods-MJRefresh上啦加载下拉刷新.release.xcconfig"; path = "Pods/Target Support Files/Pods-MJRefresh上啦加载下拉刷新/Pods-MJRefresh上啦加载下拉刷新.release.xcconfig"; sourceTree = "<group>"; };
/* End PBXFileReference section */

/* Begin PBXFrameworksBuildPhase section */
		852C7C551D128EBF007F94CB /* Frameworks */ = {
			isa = PBXFrameworksBuildPhase;
			buildActionMask = 2147483647;
			files = (
				D111788A8042380F784E15F1 /* libPods-MJRefresh上啦加载下拉刷新.a in Frameworks */,
			);
			runOnlyForDeploymentPostprocessing = 0;
		};
/* End PBXFrameworksBuildPhase section */

/* Begin PBXGroup section */
		244019A195315CD7AA852535 /* Frameworks */ = {
			isa = PBXGroup;
			children = (
				5891528E9D84A83392837979 /* libPods-MJRefresh上啦加载下拉刷新.a */,
			);
			name = Frameworks;
			sourceTree = "<group>";
		};
		4FEEF1893BA8BDEC09869901 /* Pods */ = {
			isa = PBXGroup;
			children = (
				1B9657CEC7C6600C5204CE32 /* Pods-MJRefresh上啦加载下拉刷新.debug.xcconfig */,
				B5733DC9A47D73798CD254E3 /* Pods-MJRefresh上啦加载下拉刷新.release.xcconfig */,
			);
			name = Pods;
			sourceTree = "<group>";
		};
		852C7C4F1D128EBF007F94CB = {
			isa = PBXGroup;
			children = (
				852C7C5A1D128EBF007F94CB /* MJRefresh上啦加载下拉刷新 */,
				852C7C591D128EBF007F94CB /* Products */,
				4FEEF1893BA8BDEC09869901 /* Pods */,
				244019A195315CD7AA852535 /* Frameworks */,
			);
			sourceTree = "<group>";
		};
		852C7C591D128EBF007F94CB /* Products */ = {
			isa = PBXGroup;
			children = (
				852C7C581D128EBF007F94CB /* MJRefresh上啦加载下拉刷新.app */,
			);
			name = Products;
			sourceTree = "<group>";
		};
		852C7C5A1D128EBF007F94CB /* MJRefresh上啦加载下拉刷新 */ = {
			isa = PBXGroup;
			children = (
				852C7C5E1D128EBF007F94CB /* AppDelegate.h */,
				852C7C5F1D128EBF007F94CB /* AppDelegate.m */,
				852C7C611D128EBF007F94CB /* ViewController.h */,
				852C7C621D128EBF007F94CB /* ViewController.m */,
				852C7CB51D128F89007F94CB /* MJRefreshTestTableViewController.h */,
				852C7CB61D128F89007F94CB /* MJRefreshTestTableViewController.m */,
				852C7CB71D128F89007F94CB /* MJRefreshTestTableViewController.xib */,
				852C7C641D128EBF007F94CB /* Main.storyboard */,
				852C7C671D128EBF007F94CB /* Assets.xcassets */,
				852C7C691D128EBF007F94CB /* LaunchScreen.storyboard */,
				852C7C6C1D128EBF007F94CB /* Info.plist */,
				852C7C5B1D128EBF007F94CB /* Supporting Files */,
			);
			path = "MJRefresh上啦加载下拉刷新";
			sourceTree = "<group>";
		};
		852C7C5B1D128EBF007F94CB /* Supporting Files */ = {
			isa = PBXGroup;
			children = (
				852C7C5C1D128EBF007F94CB /* main.m */,
			);
			name = "Supporting Files";
			sourceTree = "<group>";
		};
/* End PBXGroup section */

/* Begin PBXNativeTarget section */
		852C7C571D128EBF007F94CB /* MJRefresh上啦加载下拉刷新 */ = {
			isa = PBXNativeTarget;
			buildConfigurationList = 852C7C6F1D128EBF007F94CB /* Build configuration list for PBXNativeTarget "MJRefresh上啦加载下拉刷新" */;
			buildPhases = (
				B1669D6B21F32AC977BA69FC /* 📦 Check Pods Manifest.lock */,
				852C7C541D128EBF007F94CB /* Sources */,
				852C7C551D128EBF007F94CB /* Frameworks */,
				852C7C561D128EBF007F94CB /* Resources */,
				1E5DC5E054FD33550581057B /* 📦 Embed Pods Frameworks */,
				71E221D61F432B5D75D7617C /* 📦 Copy Pods Resources */,
			);
			buildRules = (
			);
			dependencies = (
			);
			name = "MJRefresh上啦加载下拉刷新";
			productName = "MJRefresh上啦加载下拉刷新";
			productReference = 852C7C581D128EBF007F94CB /* MJRefresh上啦加载下拉刷新.app */;
			productType = "com.apple.product-type.application";
		};
/* End PBXNativeTarget section */

/* Begin PBXProject section */
		852C7C501D128EBF007F94CB /* Project object */ = {
			isa = PBXProject;
			attributes = {
				LastUpgradeCheck = 0730;
				ORGANIZATIONNAME = "cloud.wood-group";
				TargetAttributes = {
					852C7C571D128EBF007F94CB = {
						CreatedOnToolsVersion = 7.3;
						DevelopmentTeam = 7HQF7W6CE5;
					};
				};
			};
			buildConfigurationList = 852C7C531D128EBF007F94CB /* Build configuration list for PBXProject "MJRefresh上啦加载下拉刷新" */;
			compatibilityVersion = "Xcode 3.2";
			developmentRegion = English;
			hasScannedForEncodings = 0;
			knownRegions = (
				en,
				Base,
			);
			mainGroup = 852C7C4F1D128EBF007F94CB;
			productRefGroup = 852C7C591D128EBF007F94CB /* Products */;
			projectDirPath = "";
			projectRoot = "";
			targets = (
				852C7C571D128EBF007F94CB /* MJRefresh上啦加载下拉刷新 */,
			);
		};
/* End PBXProject section */

/* Begin PBXResourcesBuildPhase section */
		852C7C561D128EBF007F94CB /* Resources */ = {
			isa = PBXResourcesBuildPhase;
			buildActionMask = 2147483647;
			files = (
				852C7C6B1D128EBF007F94CB /* LaunchScreen.storyboard in Resources */,
				852C7C681D128EBF007F94CB /* Assets.xcassets in Resources */,
				852C7CB91D128F89007F94CB /* MJRefreshTestTableViewController.xib in Resources */,
				852C7C661D128EBF007F94CB /* Main.storyboard in Resources */,
			);
			runOnlyForDeploymentPostprocessing = 0;
		};
/* End PBXResourcesBuildPhase section */

/* Begin PBXShellScriptBuildPhase section */
		1E5DC5E054FD33550581057B /* 📦 Embed Pods Frameworks */ = {
			isa = PBXShellScriptBuildPhase;
			buildActionMask = 2147483647;
			files = (
			);
			inputPaths = (
			);
			name = "📦 Embed Pods Frameworks";
			outputPaths = (
			);
			runOnlyForDeploymentPostprocessing = 0;
			shellPath = /bin/sh;
			shellScript = "\"${SRCROOT}/Pods/Target Support Files/Pods-MJRefresh上啦加载下拉刷新/Pods-MJRefresh上啦加载下拉刷新-frameworks.sh\"\n";
			showEnvVarsInLog = 0;
		};
		71E221D61F432B5D75D7617C /* 📦 Copy Pods Resources */ = {
			isa = PBXShellScriptBuildPhase;
			buildActionMask = 2147483647;
			files = (
			);
			inputPaths = (
			);
			name = "📦 Copy Pods Resources";
			outputPaths = (
			);
			runOnlyForDeploymentPostprocessing = 0;
			shellPath = /bin/sh;
			shellScript = "\"${SRCROOT}/Pods/Target Support Files/Pods-MJRefresh上啦加载下拉刷新/Pods-MJRefresh上啦加载下拉刷新-resources.sh\"\n";
			showEnvVarsInLog = 0;
		};
		B1669D6B21F32AC977BA69FC /* 📦 Check Pods Manifest.lock */ = {
			isa = PBXShellScriptBuildPhase;
			buildActionMask = 2147483647;
			files = (
			);
			inputPaths = (
			);
			name = "📦 Check Pods Manifest.lock";
			outputPaths = (
			);
			runOnlyForDeploymentPostprocessing = 0;
			shellPath = /bin/sh;
			shellScript = "diff \"${PODS_ROOT}/../Podfile.lock\" \"${PODS_ROOT}/Manifest.lock\" > /dev/null\nif [[ $? != 0 ]] ; then\n    cat << EOM\nerror: The sandbox is not in sync with the Podfile.lock. Run 'pod install' or update your CocoaPods installation.\nEOM\n    exit 1\nfi\n";
			showEnvVarsInLog = 0;
		};
/* End PBXShellScriptBuildPhase section */

/* Begin PBXSourcesBuildPhase section */
		852C7C541D128EBF007F94CB /* Sources */ = {
			isa = PBXSourcesBuildPhase;
			buildActionMask = 2147483647;
			files = (
				852C7C631D128EBF007F94CB /* ViewController.m in Sources */,
				852C7C601D128EBF007F94CB /* AppDelegate.m in Sources */,
				852C7C5D1D128EBF007F94CB /* main.m in Sources */,
				852C7CB81D128F89007F94CB /* MJRefreshTestTableViewController.m in Sources */,
			);
			runOnlyForDeploymentPostprocessing = 0;
		};
/* End PBXSourcesBuildPhase section */

/* Begin PBXVariantGroup section */
		852C7C641D128EBF007F94CB /* Main.storyboard */ = {
			isa = PBXVariantGroup;
			children = (
				852C7C651D128EBF007F94CB /* Base */,
			);
			name = Main.storyboard;
			sourceTree = "<group>";
		};
		852C7C691D128EBF007F94CB /* LaunchScreen.storyboard */ = {
			isa = PBXVariantGroup;
			children = (
				852C7C6A1D128EBF007F94CB /* Base */,
			);
			name = LaunchScreen.storyboard;
			sourceTree = "<group>";
		};
/* End PBXVariantGroup section */

/* Begin XCBuildConfiguration section */
		852C7C6D1D128EBF007F94CB /* Debug */ = {
			isa = XCBuildConfiguration;
			buildSettings = {
				ALWAYS_SEARCH_USER_PATHS = NO;
				CLANG_ANALYZER_NONNULL = YES;
				CLANG_CXX_LANGUAGE_STANDARD = "gnu++0x";
				CLANG_CXX_LIBRARY = "libc++";
				CLANG_ENABLE_MODULES = YES;
				CLANG_ENABLE_OBJC_ARC = YES;
				CLANG_WARN_BOOL_CONVERSION = YES;
				CLANG_WARN_CONSTANT_CONVERSION = YES;
				CLANG_WARN_DIRECT_OBJC_ISA_USAGE = YES_ERROR;
				CLANG_WARN_EMPTY_BODY = YES;
				CLANG_WARN_ENUM_CONVERSION = YES;
				CLANG_WARN_INT_CONVERSION = YES;
				CLANG_WARN_OBJC_ROOT_CLASS = YES_ERROR;
				CLANG_WARN_UNREACHABLE_CODE = YES;
				CLANG_WARN__DUPLICATE_METHOD_MATCH = YES;
				"CODE_SIGN_IDENTITY[sdk=iphoneos*]" = "iPhone Developer";
				COPY_PHASE_STRIP = NO;
				DEBUG_INFORMATION_FORMAT = dwarf;
				ENABLE_STRICT_OBJC_MSGSEND = YES;
				ENABLE_TESTABILITY = YES;
				GCC_C_LANGUAGE_STANDARD = gnu99;
				GCC_DYNAMIC_NO_PIC = NO;
				GCC_NO_COMMON_BLOCKS = YES;
				GCC_OPTIMIZATION_LEVEL = 0;
				GCC_PREPROCESSOR_DEFINITIONS = (
					"DEBUG=1",
					"$(inherited)",
				);
				GCC_WARN_64_TO_32_BIT_CONVERSION = YES;
				GCC_WARN_ABOUT_RETURN_TYPE = YES_ERROR;
				GCC_WARN_UNDECLARED_SELECTOR = YES;
				GCC_WARN_UNINITIALIZED_AUTOS = YES_AGGRESSIVE;
				GCC_WARN_UNUSED_FUNCTION = YES;
				GCC_WARN_UNUSED_VARIABLE = YES;
				IPHONEOS_DEPLOYMENT_TARGET = 9.3;
				MTL_ENABLE_DEBUG_INFO = YES;
				ONLY_ACTIVE_ARCH = YES;
				SDKROOT = iphoneos;
			};
			name = Debug;
		};
		852C7C6E1D128EBF007F94CB /* Release */ = {
			isa = XCBuildConfiguration;
			buildSettings = {
				ALWAYS_SEARCH_USER_PATHS = NO;
				CLANG_ANALYZER_NONNULL = YES;
				CLANG_CXX_LANGUAGE_STANDARD = "gnu++0x";
				CLANG_CXX_LIBRARY = "libc++";
				CLANG_ENABLE_MODULES = YES;
				CLANG_ENABLE_OBJC_ARC = YES;
				CLANG_WARN_BOOL_CONVERSION = YES;
				CLANG_WARN_CONSTANT_CONVERSION = YES;
				CLANG_WARN_DIRECT_OBJC_ISA_USAGE = YES_ERROR;
				CLANG_WARN_EMPTY_BODY = YES;
				CLANG_WARN_ENUM_CONVERSION = YES;
				CLANG_WARN_INT_CONVERSION = YES;
				CLANG_WARN_OBJC_ROOT_CLASS = YES_ERROR;
				CLANG_WARN_UNREACHABLE_CODE = YES;
				CLANG_WARN__DUPLICATE_METHOD_MATCH = YES;
				"CODE_SIGN_IDENTITY[sdk=iphoneos*]" = "iPhone Developer";
				COPY_PHASE_STRIP = NO;
				DEBUG_INFORMATION_FORMAT = "dwarf-with-dsym";
				ENABLE_NS_ASSERTIONS = NO;
				ENABLE_STRICT_OBJC_MSGSEND = YES;
				GCC_C_LANGUAGE_STANDARD = gnu99;
				GCC_NO_COMMON_BLOCKS = YES;
				GCC_WARN_64_TO_32_BIT_CONVERSION = YES;
				GCC_WARN_ABOUT_RETURN_TYPE = YES_ERROR;
				GCC_WARN_UNDECLARED_SELECTOR = YES;
				GCC_WARN_UNINITIALIZED_AUTOS = YES_AGGRESSIVE;
				GCC_WARN_UNUSED_FUNCTION = YES;
				GCC_WARN_UNUSED_VARIABLE = YES;
				IPHONEOS_DEPLOYMENT_TARGET = 9.3;
				MTL_ENABLE_DEBUG_INFO = NO;
				SDKROOT = iphoneos;
				VALIDATE_PRODUCT = YES;
			};
			name = Release;
		};
		852C7C701D128EBF007F94CB /* Debug */ = {
			isa = XCBuildConfiguration;
			baseConfigurationReference = 1B9657CEC7C6600C5204CE32 /* Pods-MJRefresh上啦加载下拉刷新.debug.xcconfig */;
			buildSettings = {
				ASSETCATALOG_COMPILER_APPICON_NAME = AppIcon;
				CODE_SIGN_IDENTITY = "iPhone Developer";
				"CODE_SIGN_IDENTITY[sdk=iphoneos*]" = "iPhone Developer";
				INFOPLIST_FILE = "MJRefresh上啦加载下拉刷新/Info.plist";
				IPHONEOS_DEPLOYMENT_TARGET = 8.2;
				LD_RUNPATH_SEARCH_PATHS = "$(inherited) @executable_path/Frameworks";
				PRODUCT_BUNDLE_IDENTIFIER = "cloud.wood-group.cn.MJRefreshcai";
				PRODUCT_NAME = "$(TARGET_NAME)";
				PROVISIONING_PROFILE = "";
			};
			name = Debug;
		};
		852C7C711D128EBF007F94CB /* Release */ = {
			isa = XCBuildConfiguration;
			baseConfigurationReference = B5733DC9A47D73798CD254E3 /* Pods-MJRefresh上啦加载下拉刷新.release.xcconfig */;
			buildSettings = {
				ASSETCATALOG_COMPILER_APPICON_NAME = AppIcon;
				CODE_SIGN_IDENTITY = "iPhone Developer";
				"CODE_SIGN_IDENTITY[sdk=iphoneos*]" = "iPhone Developer";
				INFOPLIST_FILE = "MJRefresh上啦加载下拉刷新/Info.plist";
				IPHONEOS_DEPLOYMENT_TARGET = 8.2;
				LD_RUNPATH_SEARCH_PATHS = "$(inherited) @executable_path/Frameworks";
				PRODUCT_BUNDLE_IDENTIFIER = "cloud.wood-group.cn.MJRefreshcai";
				PRODUCT_NAME = "$(TARGET_NAME)";
				PROVISIONING_PROFILE = "";
			};
			name = Release;
		};
/* End XCBuildConfiguration section */

/* Begin XCConfigurationList section */
		852C7C531D128EBF007F94CB /* Build configuration list for PBXProject "MJRefresh上啦加载下拉刷新" */ = {
			isa = XCConfigurationList;
			buildConfigurations = (
				852C7C6D1D128EBF007F94CB /* Debug */,
				852C7C6E1D128EBF007F94CB /* Release */,
			);
			defaultConfigurationIsVisible = 0;
			defaultConfigurationName = Release;
		};
		852C7C6F1D128EBF007F94CB /* Build configuration list for PBXNativeTarget "MJRefresh上啦加载下拉刷新" */ = {
			isa = XCConfigurationList;
			buildConfigurations = (
				852C7C701D128EBF007F94CB /* Debug */,
				852C7C711D128EBF007F94CB /* Release */,
			);
			defaultConfigurationIsVisible = 0;
			defaultConfigurationName = Release;
		};
/* End XCConfigurationList section */
	};
	rootObject = 852C7C501D128EBF007F94CB /* Project object */;
}
